
Microsoft Visual Studio Solution File, Format Version 12.00
# Visual Studio 15
VisualStudioVersion = 15.0.28010.2048
MinimumVisualStudioVersion = 10.0.40219.1
Project("{E24C65DC-7377-472B-9ABA-BC803B73C61A}") = "GarageManagement", "GarageManagement\", "{A4AD6A62-5334-49BF-A430-3498BFC46DE7}"
	ProjectSection(WebsiteProperties) = preProject
		TargetFrameworkMoniker = ".NETFramework,Version%3Dv4.6.1"
		Debug.AspNetCompiler.VirtualPath = "/localhost_57259"
		Debug.AspNetCompiler.PhysicalPath = "GarageManagement\"
		Debug.AspNetCompiler.TargetPath = "PrecompiledWeb\localhost_57259\"
		Debug.AspNetCompiler.Updateable = "true"
		Debug.AspNetCompiler.ForceOverwrite = "true"
		Debug.AspNetCompiler.FixedNames = "false"
		Debug.AspNetCompiler.Debug = "True"
		Release.AspNetCompiler.VirtualPath = "/localhost_57259"
		Release.AspNetCompiler.PhysicalPath = "GarageManagement\"
		Release.AspNetCompiler.TargetPath = "PrecompiledWeb\localhost_57259\"
		Release.AspNetCompiler.Updateable = "true"
		Release.AspNetCompiler.ForceOverwrite = "true"
		Release.AspNetCompiler.FixedNames = "false"
		Release.AspNetCompiler.Debug = "False"
		VWDPort = "57259"
		SlnRelativePath = "GarageManagement\"
		DefaultWebSiteLanguage = "Visual C#"
	EndProjectSection
EndProject
Global
	GlobalSection(SolutionConfigurationPlatforms) = preSolution
		Debug|Any CPU = Debug|Any CPU
	EndGlobalSection
	GlobalSection(ProjectConfigurationPlatforms) = postSolution
		{A4AD6A62-5334-49BF-A430-3498BFC46DE7}.Debug|Any CPU.ActiveCfg = Debug|Any CPU
		{A4AD6A62-5334-49BF-A430-3498BFC46DE7}.Debug|Any CPU.Build.0 = Debug|Any CPU
	EndGlobalSection
	GlobalSection(SolutionProperties) = preSolution
		HideSolutionNode = FALSE
	EndGlobalSection
	GlobalSection(ExtensibilityGlobals) = postSolution
		SolutionGuid = {AF1AB1D5-6F06-4049-ABEF-19F4CDEBDEEA}
	EndGlobalSection
EndGlobal
